// !$*UTF8*$!
{
	archiveVersion = 1;
	classes = {
	};
	objectVersion = 46;
	objects = {

/* Begin PBXBuildFile section */
		A88B23891C088C8500BEAD51 /* AppDelegate.swift in Sources */ = {isa = PBXBuildFile; fileRef = A88B23881C088C8500BEAD51 /* AppDelegate.swift */; };
		A88B238B1C088C8500BEAD51 /* ViewController.swift in Sources */ = {isa = PBXBuildFile; fileRef = A88B238A1C088C8500BEAD51 /* ViewController.swift */; };
		A88B238E1C088C8500BEAD51 /* Main.storyboard in Resources */ = {isa = PBXBuildFile; fileRef = A88B238C1C088C8500BEAD51 /* Main.storyboard */; };
		A88B23901C088C8500BEAD51 /* Assets.xcassets in Resources */ = {isa = PBXBuildFile; fileRef = A88B238F1C088C8500BEAD51 /* Assets.xcassets */; };
		A88B23931C088C8500BEAD51 /* LaunchScreen.storyboard in Resources */ = {isa = PBXBuildFile; fileRef = A88B23911C088C8500BEAD51 /* LaunchScreen.storyboard */; };
		A88B239E1C088C8500BEAD51 /* MemeMe_1_1Tests.swift in Sources */ = {isa = PBXBuildFile; fileRef = A88B239D1C088C8500BEAD51 /* MemeMe_1_1Tests.swift */; };
		A88B23A91C088C8500BEAD51 /* MemeMe_1_1UITests.swift in Sources */ = {isa = PBXBuildFile; fileRef = A88B23A81C088C8500BEAD51 /* MemeMe_1_1UITests.swift */; };
		A88B23B71C08B07300BEAD51 /* MemeStruct.swift in Sources */ = {isa = PBXBuildFile; fileRef = A88B23B61C08B07300BEAD51 /* MemeStruct.swift */; };
/* End PBXBuildFile section */

/* Begin PBXContainerItemProxy section */
		A88B239A1C088C8500BEAD51 /* PBXContainerItemProxy */ = {
			isa = PBXContainerItemProxy;
			containerPortal = A88B237D1C088C8500BEAD51 /* Project object */;
			proxyType = 1;
			remoteGlobalIDString = A88B23841C088C8500BEAD51;
			remoteInfo = "MemeMe 1.1";
		};
		A88B23A51C088C8500BEAD51 /* PBXContainerItemProxy */ = {
			isa = PBXContainerItemProxy;
			containerPortal = A88B237D1C088C8500BEAD51 /* Project object */;
			proxyType = 1;
			remoteGlobalIDString = A88B23841C088C8500BEAD51;
			remoteInfo = "MemeMe 1.1";
		};
/* End PBXContainerItemProxy section */

/* Begin PBXFileReference section */
		A88B23851C088C8500BEAD51 /* MemeMe 1.1.app */ = {isa = PBXFileReference; explicitFileType = wrapper.application; includeInIndex = 0; path = "MemeMe 1.1.app"; sourceTree = BUILT_PRODUCTS_DIR; };
		A88B23881C088C8500BEAD51 /* AppDelegate.swift */ = {isa = PBXFileReference; lastKnownFileType = sourcecode.swift; path = AppDelegate.swift; sourceTree = "<group>"; };
		A88B238A1C088C8500BEAD51 /* ViewController.swift */ = {isa = PBXFileReference; lastKnownFileType = sourcecode.swift; path = ViewController.swift; sourceTree = "<group>"; };
		A88B238D1C088C8500BEAD51 /* Base */ = {isa = PBXFileReference; lastKnownFileType = file.storyboard; name = Base; path = Base.lproj/Main.storyboard; sourceTree = "<group>"; };
		A88B238F1C088C8500BEAD51 /* Assets.xcassets */ = {isa = PBXFileReference; lastKnownFileType = folder.assetcatalog; path = Assets.xcassets; sourceTree = "<group>"; };
		A88B23921C088C8500BEAD51 /* Base */ = {isa = PBXFileReference; lastKnownFileType = file.storyboard; name = Base; path = Base.lproj/LaunchScreen.storyboard; sourceTree = "<group>"; };
		A88B23941C088C8500BEAD51 /* Info.plist */ = {isa = PBXFileReference; lastKnownFileType = text.plist.xml; path = Info.plist; sourceTree = "<group>"; };
		A88B23991C088C8500BEAD51 /* MemeMe 1.1Tests.xctest */ = {isa = PBXFileReference; explicitFileType = wrapper.cfbundle; includeInIndex = 0; path = "MemeMe 1.1Tests.xctest"; sourceTree = BUILT_PRODUCTS_DIR; };
		A88B239D1C088C8500BEAD51 /* MemeMe_1_1Tests.swift */ = {isa = PBXFileReference; lastKnownFileType = sourcecode.swift; path = MemeMe_1_1Tests.swift; sourceTree = "<group>"; };
		A88B239F1C088C8500BEAD51 /* Info.plist */ = {isa = PBXFileReference; lastKnownFileType = text.plist.xml; path = Info.plist; sourceTree = "<group>"; };
		A88B23A41C088C8500BEAD51 /* MemeMe 1.1UITests.xctest */ = {isa = PBXFileReference; explicitFileType = wrapper.cfbundle; includeInIndex = 0; path = "MemeMe 1.1UITests.xctest"; sourceTree = BUILT_PRODUCTS_DIR; };
		A88B23A81C088C8500BEAD51 /* MemeMe_1_1UITests.swift */ = {isa = PBXFileReference; lastKnownFileType = sourcecode.swift; path = MemeMe_1_1UITests.swift; sourceTree = "<group>"; };
		A88B23AA1C088C8500BEAD51 /* Info.plist */ = {isa = PBXFileReference; lastKnownFileType = text.plist.xml; path = Info.plist; sourceTree = "<group>"; };
		A88B23B61C08B07300BEAD51 /* MemeStruct.swift */ = {isa = PBXFileReference; fileEncoding = 4; lastKnownFileType = sourcecode.swift; path = MemeStruct.swift; sourceTree = "<group>"; };
/* End PBXFileReference section */

/* Begin PBXFrameworksBuildPhase section */
		A88B23821C088C8500BEAD51 /* Frameworks */ = {
			isa = PBXFrameworksBuildPhase;
			buildActionMask = 2147483647;
			files = (
			);
			runOnlyForDeploymentPostprocessing = 0;
		};
		A88B23961C088C8500BEAD51 /* Frameworks */ = {
			isa = PBXFrameworksBuildPhase;
			buildActionMask = 2147483647;
			files = (
			);
			runOnlyForDeploymentPostprocessing = 0;
		};
		A88B23A11C088C8500BEAD51 /* Frameworks */ = {
			isa = PBXFrameworksBuildPhase;
			buildActionMask = 2147483647;
			files = (
			);
			runOnlyForDeploymentPostprocessing = 0;
		};
/* End PBXFrameworksBuildPhase section */

/* Begin PBXGroup section */
		A88B237C1C088C8500BEAD51 = {
			isa = PBXGroup;
			children = (
				A88B23871C088C8500BEAD51 /* MemeMe 1.1 */,
				A88B239C1C088C8500BEAD51 /* MemeMe 1.1Tests */,
				A88B23A71C088C8500BEAD51 /* MemeMe 1.1UITests */,
				A88B23861C088C8500BEAD51 /* Products */,
			);
			sourceTree = "<group>";
		};
		A88B23861C088C8500BEAD51 /* Products */ = {
			isa = PBXGroup;
			children = (
				A88B23851C088C8500BEAD51 /* MemeMe 1.1.app */,
				A88B23991C088C8500BEAD51 /* MemeMe 1.1Tests.xctest */,
				A88B23A41C088C8500BEAD51 /* MemeMe 1.1UITests.xctest */,
			);
			name = Products;
			sourceTree = "<group>";
		};
		A88B23871C088C8500BEAD51 /* MemeMe 1.1 */ = {
			isa = PBXGroup;
			children = (
				A88B23881C088C8500BEAD51 /* AppDelegate.swift */,
				A88B238A1C088C8500BEAD51 /* ViewController.swift */,
				A88B238C1C088C8500BEAD51 /* Main.storyboard */,
				A88B238F1C088C8500BEAD51 /* Assets.xcassets */,
				A88B23911C088C8500BEAD51 /* LaunchScreen.storyboard */,
				A88B23941C088C8500BEAD51 /* Info.plist */,
				A88B23B61C08B07300BEAD51 /* MemeStruct.swift */,
			);
			path = "MemeMe 1.1";
			sourceTree = "<group>";
		};
		A88B239C1C088C8500BEAD51 /* MemeMe 1.1Tests */ = {
			isa = PBXGroup;
			children = (
				A88B239D1C088C8500BEAD51 /* MemeMe_1_1Tests.swift */,
				A88B239F1C088C8500BEAD51 /* Info.plist */,
			);
			path = "MemeMe 1.1Tests";
			sourceTree = "<group>";
		};
		A88B23A71C088C8500BEAD51 /* MemeMe 1.1UITests */ = {
			isa = PBXGroup;
			children = (
				A88B23A81C088C8500BEAD51 /* MemeMe_1_1UITests.swift */,
				A88B23AA1C088C8500BEAD51 /* Info.plist */,
			);
			path = "MemeMe 1.1UITests";
			sourceTree = "<group>";
		};
/* End PBXGroup section */

/* Begin PBXNativeTarget section */
		A88B23841C088C8500BEAD51 /* MemeMe 1.1 */ = {
			isa = PBXNativeTarget;
			buildConfigurationList = A88B23AD1C088C8500BEAD51 /* Build configuration list for PBXNativeTarget "MemeMe 1.1" */;
			buildPhases = (
				A88B23811C088C8500BEAD51 /* Sources */,
				A88B23821C088C8500BEAD51 /* Frameworks */,
				A88B23831C088C8500BEAD51 /* Resources */,
			);
			buildRules = (
			);
			dependencies = (
			);
			name = "MemeMe 1.1";
			productName = "MemeMe 1.1";
			productReference = A88B23851C088C8500BEAD51 /* MemeMe 1.1.app */;
			productType = "com.apple.product-type.application";
		};
		A88B23981C088C8500BEAD51 /* MemeMe 1.1Tests */ = {
			isa = PBXNativeTarget;
			buildConfigurationList = A88B23B01C088C8500BEAD51 /* Build configuration list for PBXNativeTarget "MemeMe 1.1Tests" */;
			buildPhases = (
				A88B23951C088C8500BEAD51 /* Sources */,
				A88B23961C088C8500BEAD51 /* Frameworks */,
				A88B23971C088C8500BEAD51 /* Resources */,
			);
			buildRules = (
			);
			dependencies = (
				A88B239B1C088C8500BEAD51 /* PBXTargetDependency */,
			);
			name = "MemeMe 1.1Tests";
			productName = "MemeMe 1.1Tests";
			productReference = A88B23991C088C8500BEAD51 /* MemeMe 1.1Tests.xctest */;
			productType = "com.apple.product-type.bundle.unit-test";
		};
		A88B23A31C088C8500BEAD51 /* MemeMe 1.1UITests */ = {
			isa = PBXNativeTarget;
			buildConfigurationList = A88B23B31C088C8500BEAD51 /* Build configuration list for PBXNativeTarget "MemeMe 1.1UITests" */;
			buildPhases = (
				A88B23A01C088C8500BEAD51 /* Sources */,
				A88B23A11C088C8500BEAD51 /* Frameworks */,
				A88B23A21C088C8500BEAD51 /* Resources */,
			);
			buildRules = (
			);
			dependencies = (
				A88B23A61C088C8500BEAD51 /* PBXTargetDependency */,
			);
			name = "MemeMe 1.1UITests";
			productName = "MemeMe 1.1UITests";
			productReference = A88B23A41C088C8500BEAD51 /* MemeMe 1.1UITests.xctest */;
			productType = "com.apple.product-type.bundle.ui-testing";
		};
/* End PBXNativeTarget section */

/* Begin PBXProject section */
		A88B237D1C088C8500BEAD51 /* Project object */ = {
			isa = PBXProject;
			attributes = {
				LastSwiftUpdateCheck = 0710;
				LastUpgradeCheck = 0710;
				ORGANIZATIONNAME = "Jim Nording";
				TargetAttributes = {
					A88B23841C088C8500BEAD51 = {
						CreatedOnToolsVersion = 7.1.1;
						DevelopmentTeam = 4Z7XZY8S7L;
					};
					A88B23981C088C8500BEAD51 = {
						CreatedOnToolsVersion = 7.1.1;
						DevelopmentTeam = 4Z7XZY8S7L;
						TestTargetID = A88B23841C088C8500BEAD51;
					};
					A88B23A31C088C8500BEAD51 = {
						CreatedOnToolsVersion = 7.1.1;
						DevelopmentTeam = 4Z7XZY8S7L;
						TestTargetID = A88B23841C088C8500BEAD51;
					};
				};
			};
			buildConfigurationList = A88B23801C088C8500BEAD51 /* Build configuration list for PBXProject "MemeMe 1.1" */;
			compatibilityVersion = "Xcode 3.2";
			developmentRegion = English;
			hasScannedForEncodings = 0;
			knownRegions = (
				en,
				Base,
			);
			mainGroup = A88B237C1C088C8500BEAD51;
			productRefGroup = A88B23861C088C8500BEAD51 /* Products */;
			projectDirPath = "";
			projectRoot = "";
			targets = (
				A88B23841C088C8500BEAD51 /* MemeMe 1.1 */,
				A88B23981C088C8500BEAD51 /* MemeMe 1.1Tests */,
				A88B23A31C088C8500BEAD51 /* MemeMe 1.1UITests */,
			);
		};
/* End PBXProject section */

/* Begin PBXResourcesBuildPhase section */
		A88B23831C088C8500BEAD51 /* Resources */ = {
			isa = PBXResourcesBuildPhase;
			buildActionMask = 2147483647;
			files = (
				A88B23931C088C8500BEAD51 /* LaunchScreen.storyboard in Resources */,
				A88B23901C088C8500BEAD51 /* Assets.xcassets in Resources */,
				A88B238E1C088C8500BEAD51 /* Main.storyboard in Resources */,
			);
			runOnlyForDeploymentPostprocessing = 0;
		};
		A88B23971C088C8500BEAD51 /* Resources */ = {
			isa = PBXResourcesBuildPhase;
			buildActionMask = 2147483647;
			files = (
			);
			runOnlyForDeploymentPostprocessing = 0;
		};
		A88B23A21C088C8500BEAD51 /* Resources */ = {
			isa = PBXResourcesBuildPhase;
			buildActionMask = 2147483647;
			files = (
			);
			runOnlyForDeploymentPostprocessing = 0;
		};
/* End PBXResourcesBuildPhase section */

/* Begin PBXSourcesBuildPhase section */
		A88B23811C088C8500BEAD51 /* Sources */ = {
			isa = PBXSourcesBuildPhase;
			buildActionMask = 2147483647;
			files = (
				A88B238B1C088C8500BEAD51 /* ViewController.swift in Sources */,
				A88B23B71C08B07300BEAD51 /* MemeStruct.swift in Sources */,
				A88B23891C088C8500BEAD51 /* AppDelegate.swift in Sources */,
			);
			runOnlyForDeploymentPostprocessing = 0;
		};
		A88B23951C088C8500BEAD51 /* Sources */ = {
			isa = PBXSourcesBuildPhase;
			buildActionMask = 2147483647;
			files = (
				A88B239E1C088C8500BEAD51 /* MemeMe_1_1Tests.swift in Sources */,
			);
			runOnlyForDeploymentPostprocessing = 0;
		};
		A88B23A01C088C8500BEAD51 /* Sources */ = {
			isa = PBXSourcesBuildPhase;
			buildActionMask = 2147483647;
			files = (
				A88B23A91C088C8500BEAD51 /* MemeMe_1_1UITests.swift in Sources */,
			);
			runOnlyForDeploymentPostprocessing = 0;
		};
/* End PBXSourcesBuildPhase section */

/* Begin PBXTargetDependency section */
		A88B239B1C088C8500BEAD51 /* PBXTargetDependency */ = {
			isa = PBXTargetDependency;
			target = A88B23841C088C8500BEAD51 /* MemeMe 1.1 */;
			targetProxy = A88B239A1C088C8500BEAD51 /* PBXContainerItemProxy */;
		};
		A88B23A61C088C8500BEAD51 /* PBXTargetDependency */ = {
			isa = PBXTargetDependency;
			target = A88B23841C088C8500BEAD51 /* MemeMe 1.1 */;
			targetProxy = A88B23A51C088C8500BEAD51 /* PBXContainerItemProxy */;
		};
/* End PBXTargetDependency section */

/* Begin PBXVariantGroup section */
		A88B238C1C088C8500BEAD51 /* Main.storyboard */ = {
			isa = PBXVariantGroup;
			children = (
				A88B238D1C088C8500BEAD51 /* Base */,
			);
			name = Main.storyboard;
			sourceTree = "<group>";
		};
		A88B23911C088C8500BEAD51 /* LaunchScreen.storyboard */ = {
			isa = PBXVariantGroup;
			children = (
				A88B23921C088C8500BEAD51 /* Base */,
			);
			name = LaunchScreen.storyboard;
			sourceTree = "<group>";
		};
/* End PBXVariantGroup section */

/* Begin XCBuildConfiguration section */
		A88B23AB1C088C8500BEAD51 /* Debug */ = {
			isa = XCBuildConfiguration;
			buildSettings = {
				ALWAYS_SEARCH_USER_PATHS = NO;
				CLANG_CXX_LANGUAGE_STANDARD = "gnu++0x";
				CLANG_CXX_LIBRARY = "libc++";
				CLANG_ENABLE_MODULES = YES;
				CLANG_ENABLE_OBJC_ARC = YES;
				CLANG_WARN_BOOL_CONVERSION = YES;
				CLANG_WARN_CONSTANT_CONVERSION = YES;
				CLANG_WARN_DIRECT_OBJC_ISA_USAGE = YES_ERROR;
				CLANG_WARN_EMPTY_BODY = YES;
				CLANG_WARN_ENUM_CONVERSION = YES;
				CLANG_WARN_INT_CONVERSION = YES;
				CLANG_WARN_OBJC_ROOT_CLASS = YES_ERROR;
				CLANG_WARN_UNREACHABLE_CODE = YES;
				CLANG_WARN__DUPLICATE_METHOD_MATCH = YES;
				"CODE_SIGN_IDENTITY[sdk=iphoneos*]" = "iPhone Developer";
				COPY_PHASE_STRIP = NO;
				DEBUG_INFORMATION_FORMAT = dwarf;
				ENABLE_STRICT_OBJC_MSGSEND = YES;
				ENABLE_TESTABILITY = YES;
				GCC_C_LANGUAGE_STANDARD = gnu99;
				GCC_DYNAMIC_NO_PIC = NO;
				GCC_NO_COMMON_BLOCKS = YES;
				GCC_OPTIMIZATION_LEVEL = 0;
				GCC_PREPROCESSOR_DEFINITIONS = (
					"DEBUG=1",
					"$(inherited)",
				);
				GCC_WARN_64_TO_32_BIT_CONVERSION = YES;
				GCC_WARN_ABOUT_RETURN_TYPE = YES_ERROR;
				GCC_WARN_UNDECLARED_SELECTOR = YES;
				GCC_WARN_UNINITIALIZED_AUTOS = YES_AGGRESSIVE;
				GCC_WARN_UNUSED_FUNCTION = YES;
				GCC_WARN_UNUSED_VARIABLE = YES;
				IPHONEOS_DEPLOYMENT_TARGET = 9.1;
				MTL_ENABLE_DEBUG_INFO = YES;
				ONLY_ACTIVE_ARCH = YES;
				SDKROOT = iphoneos;
				SWIFT_OPTIMIZATION_LEVEL = "-Onone";
			};
			name = Debug;
		};
		A88B23AC1C088C8500BEAD51 /* Release */ = {
			isa = XCBuildConfiguration;
			buildSettings = {
				ALWAYS_SEARCH_USER_PATHS = NO;
				CLANG_CXX_LANGUAGE_STANDARD = "gnu++0x";
				CLANG_CXX_LIBRARY = "libc++";
				CLANG_ENABLE_MODULES = YES;
				CLANG_ENABLE_OBJC_ARC = YES;
				CLANG_WARN_BOOL_CONVERSION = YES;
				CLANG_WARN_CONSTANT_CONVERSION = YES;
				CLANG_WARN_DIRECT_OBJC_ISA_USAGE = YES_ERROR;
				CLANG_WARN_EMPTY_BODY = YES;
				CLANG_WARN_ENUM_CONVERSION = YES;
				CLANG_WARN_INT_CONVERSION = YES;
				CLANG_WARN_OBJC_ROOT_CLASS = YES_ERROR;
				CLANG_WARN_UNREACHABLE_CODE = YES;
				CLANG_WARN__DUPLICATE_METHOD_MATCH = YES;
				"CODE_SIGN_IDENTITY[sdk=iphoneos*]" = "iPhone Developer";
				COPY_PHASE_STRIP = NO;
				DEBUG_INFORMATION_FORMAT = "dwarf-with-dsym";
				ENABLE_NS_ASSERTIONS = NO;
				ENABLE_STRICT_OBJC_MSGSEND = YES;
				GCC_C_LANGUAGE_STANDARD = gnu99;
				GCC_NO_COMMON_BLOCKS = YES;
				GCC_WARN_64_TO_32_BIT_CONVERSION = YES;
				GCC_WARN_ABOUT_RETURN_TYPE = YES_ERROR;
				GCC_WARN_UNDECLARED_SELECTOR = YES;
				GCC_WARN_UNINITIALIZED_AUTOS = YES_AGGRESSIVE;
				GCC_WARN_UNUSED_FUNCTION = YES;
				GCC_WARN_UNUSED_VARIABLE = YES;
				IPHONEOS_DEPLOYMENT_TARGET = 9.1;
				MTL_ENABLE_DEBUG_INFO = NO;
				SDKROOT = iphoneos;
				VALIDATE_PRODUCT = YES;
			};
			name = Release;
		};
		A88B23AE1C088C8500BEAD51 /* Debug */ = {
			isa = XCBuildConfiguration;
			buildSettings = {
				ASSETCATALOG_COMPILER_APPICON_NAME = AppIcon;
				INFOPLIST_FILE = "MemeMe 1.1/Info.plist";
				LD_RUNPATH_SEARCH_PATHS = "$(inherited) @executable_path/Frameworks";
				PRODUCT_BUNDLE_IDENTIFIER = "JN.MemeMe-1-1";
				PRODUCT_NAME = "$(TARGET_NAME)";
			};
			name = Debug;
		};
		A88B23AF1C088C8500BEAD51 /* Release */ = {
			isa = XCBuildConfiguration;
			buildSettings = {
				ASSETCATALOG_COMPILER_APPICON_NAME = AppIcon;
				INFOPLIST_FILE = "MemeMe 1.1/Info.plist";
				LD_RUNPATH_SEARCH_PATHS = "$(inherited) @executable_path/Frameworks";
				PRODUCT_BUNDLE_IDENTIFIER = "JN.MemeMe-1-1";
				PRODUCT_NAME = "$(TARGET_NAME)";
			};
			name = Release;
		};
		A88B23B11C088C8500BEAD51 /* Debug */ = {
			isa = XCBuildConfiguration;
			buildSettings = {
				BUNDLE_LOADER = "$(TEST_HOST)";
				INFOPLIST_FILE = "MemeMe 1.1Tests/Info.plist";
				LD_RUNPATH_SEARCH_PATHS = "$(inherited) @executable_path/Frameworks @loader_path/Frameworks";
				PRODUCT_BUNDLE_IDENTIFIER = "JN.MemeMe-1-1Tests";
				PRODUCT_NAME = "$(TARGET_NAME)";
				TEST_HOST = "$(BUILT_PRODUCTS_DIR)/MemeMe 1.1.app/MemeMe 1.1";
			};
			name = Debug;
		};
		A88B23B21C088C8500BEAD51 /* Release */ = {
			isa = XCBuildConfiguration;
			buildSettings = {
				BUNDLE_LOADER = "$(TEST_HOST)";
				INFOPLIST_FILE = "MemeMe 1.1Tests/Info.plist";
				LD_RUNPATH_SEARCH_PATHS = "$(inherited) @executable_path/Frameworks @loader_path/Frameworks";
				PRODUCT_BUNDLE_IDENTIFIER = "JN.MemeMe-1-1Tests";
				PRODUCT_NAME = "$(TARGET_NAME)";
				TEST_HOST = "$(BUILT_PRODUCTS_DIR)/MemeMe 1.1.app/MemeMe 1.1";
			};
			name = Release;
		};
		A88B23B41C088C8500BEAD51 /* Debug */ = {
			isa = XCBuildConfiguration;
			buildSettings = {
				INFOPLIST_FILE = "MemeMe 1.1UITests/Info.plist";
				LD_RUNPATH_SEARCH_PATHS = "$(inherited) @executable_path/Frameworks @loader_path/Frameworks";
				PRODUCT_BUNDLE_IDENTIFIER = "JN.MemeMe-1-1UITests";
				PRODUCT_NAME = "$(TARGET_NAME)";
				TEST_TARGET_NAME = "MemeMe 1.1";
				USES_XCTRUNNER = YES;
			};
			name = Debug;
		};
		A88B23B51C088C8500BEAD51 /* Release */ = {
			isa = XCBuildConfiguration;
			buildSettings = {
				INFOPLIST_FILE = "MemeMe 1.1UITests/Info.plist";
				LD_RUNPATH_SEARCH_PATHS = "$(inherited) @executable_path/Frameworks @loader_path/Frameworks";
				PRODUCT_BUNDLE_IDENTIFIER = "JN.MemeMe-1-1UITests";
				PRODUCT_NAME = "$(TARGET_NAME)";
				TEST_TARGET_NAME = "MemeMe 1.1";
				USES_XCTRUNNER = YES;
			};
			name = Release;
		};
/* End XCBuildConfiguration section */

/* Begin XCConfigurationList section */
		A88B23801C088C8500BEAD51 /* Build configuration list for PBXProject "MemeMe 1.1" */ = {
			isa = XCConfigurationList;
			buildConfigurations = (
				A88B23AB1C088C8500BEAD51 /* Debug */,
				A88B23AC1C088C8500BEAD51 /* Release */,
			);
			defaultConfigurationIsVisible = 0;
			defaultConfigurationName = Release;
		};
		A88B23AD1C088C8500BEAD51 /* Build configuration list for PBXNativeTarget "MemeMe 1.1" */ = {
			isa = XCConfigurationList;
			buildConfigurations = (
				A88B23AE1C088C8500BEAD51 /* Debug */,
				A88B23AF1C088C8500BEAD51 /* Release */,
			);
			defaultConfigurationIsVisible = 0;
		};
		A88B23B01C088C8500BEAD51 /* Build configuration list for PBXNativeTarget "MemeMe 1.1Tests" */ = {
			isa = XCConfigurationList;
			buildConfigurations = (
				A88B23B11C088C8500BEAD51 /* Debug */,
				A88B23B21C088C8500BEAD51 /* Release */,
			);
			defaultConfigurationIsVisible = 0;
		};
		A88B23B31C088C8500BEAD51 /* Build configuration list for PBXNativeTarget "MemeMe 1.1UITests" */ = {
			isa = XCConfigurationList;
			buildConfigurations = (
				A88B23B41C088C8500BEAD51 /* Debug */,
				A88B23B51C088C8500BEAD51 /* Release */,
			);
			defaultConfigurationIsVisible = 0;
		};
/* End XCConfigurationList section */
	};
	rootObject = A88B237D1C088C8500BEAD51 /* Project object */;
}
